
Microsoft Visual Studio Solution File, Format Version 12.00
# Visual Studio 2013
VisualStudioVersion = 12.0.30501.0
MinimumVisualStudioVersion = 10.0.40219.1
Project("{FAE04EC0-301F-11D3-BF4B-00C04F79EFBC}") = "App3", "App3\App3\App3.csproj", "{3996E68C-A3A8-4901-BF22-CAAC6C247265}"
EndProject
Project("{FAE04EC0-301F-11D3-BF4B-00C04F79EFBC}") = "App3.Android", "App3\App3.Android\App3.Android.csproj", "{E39BBB16-89B4-4133-8F7C-6B9DABE76CC3}"
EndProject
Project("{FAE04EC0-301F-11D3-BF4B-00C04F79EFBC}") = "App3.WinPhone", "App3\App3.WinPhone\App3.WinPhone.csproj", "{57539FCF-D090-4F94-B856-EB1ED902D7F5}"
EndProject
Global
	GlobalSection(SolutionConfigurationPlatforms) = preSolution
		Ad-Hoc|Any CPU = Ad-Hoc|Any CPU
		Ad-Hoc|ARM = Ad-Hoc|ARM
		Ad-Hoc|iPhone = Ad-Hoc|iPhone
		Ad-Hoc|iPhoneSimulator = Ad-Hoc|iPhoneSimulator
		Ad-Hoc|Mixed Platforms = Ad-Hoc|Mixed Platforms
		Ad-Hoc|x86 = Ad-Hoc|x86
		AppStore|Any CPU = AppStore|Any CPU
		AppStore|ARM = AppStore|ARM
		AppStore|iPhone = AppStore|iPhone
		AppStore|iPhoneSimulator = AppStore|iPhoneSimulator
		AppStore|Mixed Platforms = AppStore|Mixed Platforms
		AppStore|x86 = AppStore|x86
		Debug|Any CPU = Debug|Any CPU
		Debug|ARM = Debug|ARM
		Debug|iPhone = Debug|iPhone
		Debug|iPhoneSimulator = Debug|iPhoneSimulator
		Debug|Mixed Platforms = Debug|Mixed Platforms
		Debug|x86 = Debug|x86
		Release|Any CPU = Release|Any CPU
		Release|ARM = Release|ARM
		Release|iPhone = Release|iPhone
		Release|iPhoneSimulator = Release|iPhoneSimulator
		Release|Mixed Platforms = Release|Mixed Platforms
		Release|x86 = Release|x86
	EndGlobalSection
	GlobalSection(ProjectConfigurationPlatforms) = postSolution
		{3996E68C-A3A8-4901-BF22-CAAC6C247265}.Ad-Hoc|Any CPU.ActiveCfg = Release|Any CPU
		{3996E68C-A3A8-4901-BF22-CAAC6C247265}.Ad-Hoc|Any CPU.Build.0 = Release|Any CPU
		{3996E68C-A3A8-4901-BF22-CAAC6C247265}.Ad-Hoc|ARM.ActiveCfg = Release|Any CPU
		{3996E68C-A3A8-4901-BF22-CAAC6C247265}.Ad-Hoc|iPhone.ActiveCfg = Release|Any CPU
		{3996E68C-A3A8-4901-BF22-CAAC6C247265}.Ad-Hoc|iPhoneSimulator.ActiveCfg = Release|Any CPU
		{3996E68C-A3A8-4901-BF22-CAAC6C247265}.Ad-Hoc|Mixed Platforms.ActiveCfg = Release|Any CPU
		{3996E68C-A3A8-4901-BF22-CAAC6C247265}.Ad-Hoc|Mixed Platforms.Build.0 = Release|Any CPU
		{3996E68C-A3A8-4901-BF22-CAAC6C247265}.Ad-Hoc|x86.ActiveCfg = Release|Any CPU
		{3996E68C-A3A8-4901-BF22-CAAC6C247265}.AppStore|Any CPU.ActiveCfg = Release|Any CPU
		{3996E68C-A3A8-4901-BF22-CAAC6C247265}.AppStore|Any CPU.Build.0 = Release|Any CPU
		{3996E68C-A3A8-4901-BF22-CAAC6C247265}.AppStore|ARM.ActiveCfg = Release|Any CPU
		{3996E68C-A3A8-4901-BF22-CAAC6C247265}.AppStore|iPhone.ActiveCfg = Release|Any CPU
		{3996E68C-A3A8-4901-BF22-CAAC6C247265}.AppStore|iPhoneSimulator.ActiveCfg = Release|Any CPU
		{3996E68C-A3A8-4901-BF22-CAAC6C247265}.AppStore|Mixed Platforms.ActiveCfg = Release|Any CPU
		{3996E68C-A3A8-4901-BF22-CAAC6C247265}.AppStore|Mixed Platforms.Build.0 = Release|Any CPU
		{3996E68C-A3A8-4901-BF22-CAAC6C247265}.AppStore|x86.ActiveCfg = Release|Any CPU
		{3996E68C-A3A8-4901-BF22-CAAC6C247265}.Debug|Any CPU.ActiveCfg = Debug|Any CPU
		{3996E68C-A3A8-4901-BF22-CAAC6C247265}.Debug|Any CPU.Build.0 = Debug|Any CPU
		{3996E68C-A3A8-4901-BF22-CAAC6C247265}.Debug|ARM.ActiveCfg = Debug|Any CPU
		{3996E68C-A3A8-4901-BF22-CAAC6C247265}.Debug|iPhone.ActiveCfg = Debug|Any CPU
		{3996E68C-A3A8-4901-BF22-CAAC6C247265}.Debug|iPhoneSimulator.ActiveCfg = Debug|Any CPU
		{3996E68C-A3A8-4901-BF22-CAAC6C247265}.Debug|Mixed Platforms.ActiveCfg = Debug|Any CPU
		{3996E68C-A3A8-4901-BF22-CAAC6C247265}.Debug|Mixed Platforms.Build.0 = Debug|Any CPU
		{3996E68C-A3A8-4901-BF22-CAAC6C247265}.Debug|x86.ActiveCfg = Debug|Any CPU
		{3996E68C-A3A8-4901-BF22-CAAC6C247265}.Release|Any CPU.ActiveCfg = Release|Any CPU
		{3996E68C-A3A8-4901-BF22-CAAC6C247265}.Release|Any CPU.Build.0 = Release|Any CPU
		{3996E68C-A3A8-4901-BF22-CAAC6C247265}.Release|ARM.ActiveCfg = Release|Any CPU
		{3996E68C-A3A8-4901-BF22-CAAC6C247265}.Release|iPhone.ActiveCfg = Release|Any CPU
		{3996E68C-A3A8-4901-BF22-CAAC6C247265}.Release|iPhoneSimulator.ActiveCfg = Release|Any CPU
		{3996E68C-A3A8-4901-BF22-CAAC6C247265}.Release|Mixed Platforms.ActiveCfg = Release|Any CPU
		{3996E68C-A3A8-4901-BF22-CAAC6C247265}.Release|Mixed Platforms.Build.0 = Release|Any CPU
		{3996E68C-A3A8-4901-BF22-CAAC6C247265}.Release|x86.ActiveCfg = Release|Any CPU
		{E39BBB16-89B4-4133-8F7C-6B9DABE76CC3}.Ad-Hoc|Any CPU.ActiveCfg = Release|Any CPU
		{E39BBB16-89B4-4133-8F7C-6B9DABE76CC3}.Ad-Hoc|Any CPU.Build.0 = Release|Any CPU
		{E39BBB16-89B4-4133-8F7C-6B9DABE76CC3}.Ad-Hoc|Any CPU.Deploy.0 = Release|Any CPU
		{E39BBB16-89B4-4133-8F7C-6B9DABE76CC3}.Ad-Hoc|ARM.ActiveCfg = Release|Any CPU
		{E39BBB16-89B4-4133-8F7C-6B9DABE76CC3}.Ad-Hoc|iPhone.ActiveCfg = Release|Any CPU
		{E39BBB16-89B4-4133-8F7C-6B9DABE76CC3}.Ad-Hoc|iPhoneSimulator.ActiveCfg = Release|Any CPU
		{E39BBB16-89B4-4133-8F7C-6B9DABE76CC3}.Ad-Hoc|Mixed Platforms.ActiveCfg = Release|Any CPU
		{E39BBB16-89B4-4133-8F7C-6B9DABE76CC3}.Ad-Hoc|Mixed Platforms.Build.0 = Release|Any CPU
		{E39BBB16-89B4-4133-8F7C-6B9DABE76CC3}.Ad-Hoc|Mixed Platforms.Deploy.0 = Release|Any CPU
		{E39BBB16-89B4-4133-8F7C-6B9DABE76CC3}.Ad-Hoc|x86.ActiveCfg = Release|Any CPU
		{E39BBB16-89B4-4133-8F7C-6B9DABE76CC3}.AppStore|Any CPU.ActiveCfg = Release|Any CPU
		{E39BBB16-89B4-4133-8F7C-6B9DABE76CC3}.AppStore|Any CPU.Build.0 = Release|Any CPU
		{E39BBB16-89B4-4133-8F7C-6B9DABE76CC3}.AppStore|Any CPU.Deploy.0 = Release|Any CPU
		{E39BBB16-89B4-4133-8F7C-6B9DABE76CC3}.AppStore|ARM.ActiveCfg = Release|Any CPU
		{E39BBB16-89B4-4133-8F7C-6B9DABE76CC3}.AppStore|iPhone.ActiveCfg = Release|Any CPU
		{E39BBB16-89B4-4133-8F7C-6B9DABE76CC3}.AppStore|iPhoneSimulator.ActiveCfg = Release|Any CPU
		{E39BBB16-89B4-4133-8F7C-6B9DABE76CC3}.AppStore|Mixed Platforms.ActiveCfg = Release|Any CPU
		{E39BBB16-89B4-4133-8F7C-6B9DABE76CC3}.AppStore|Mixed Platforms.Build.0 = Release|Any CPU
		{E39BBB16-89B4-4133-8F7C-6B9DABE76CC3}.AppStore|Mixed Platforms.Deploy.0 = Release|Any CPU
		{E39BBB16-89B4-4133-8F7C-6B9DABE76CC3}.AppStore|x86.ActiveCfg = Release|Any CPU
		{E39BBB16-89B4-4133-8F7C-6B9DABE76CC3}.Debug|Any CPU.ActiveCfg = Debug|Any CPU
		{E39BBB16-89B4-4133-8F7C-6B9DABE76CC3}.Debug|Any CPU.Build.0 = Debug|Any CPU
		{E39BBB16-89B4-4133-8F7C-6B9DABE76CC3}.Debug|Any CPU.Deploy.0 = Debug|Any CPU
		{E39BBB16-89B4-4133-8F7C-6B9DABE76CC3}.Debug|ARM.ActiveCfg = Debug|Any CPU
		{E39BBB16-89B4-4133-8F7C-6B9DABE76CC3}.Debug|iPhone.ActiveCfg = Debug|Any CPU
		{E39BBB16-89B4-4133-8F7C-6B9DABE76CC3}.Debug|iPhoneSimulator.ActiveCfg = Debug|Any CPU
		{E39BBB16-89B4-4133-8F7C-6B9DABE76CC3}.Debug|Mixed Platforms.ActiveCfg = Debug|Any CPU
		{E39BBB16-89B4-4133-8F7C-6B9DABE76CC3}.Debug|Mixed Platforms.Build.0 = Debug|Any CPU
		{E39BBB16-89B4-4133-8F7C-6B9DABE76CC3}.Debug|Mixed Platforms.Deploy.0 = Debug|Any CPU
		{E39BBB16-89B4-4133-8F7C-6B9DABE76CC3}.Debug|x86.ActiveCfg = Debug|Any CPU
		{E39BBB16-89B4-4133-8F7C-6B9DABE76CC3}.Release|Any CPU.ActiveCfg = Release|Any CPU
		{E39BBB16-89B4-4133-8F7C-6B9DABE76CC3}.Release|Any CPU.Build.0 = Release|Any CPU
		{E39BBB16-89B4-4133-8F7C-6B9DABE76CC3}.Release|Any CPU.Deploy.0 = Release|Any CPU
		{E39BBB16-89B4-4133-8F7C-6B9DABE76CC3}.Release|ARM.ActiveCfg = Release|Any CPU
		{E39BBB16-89B4-4133-8F7C-6B9DABE76CC3}.Release|iPhone.ActiveCfg = Release|Any CPU
		{E39BBB16-89B4-4133-8F7C-6B9DABE76CC3}.Release|iPhoneSimulator.ActiveCfg = Release|Any CPU
		{E39BBB16-89B4-4133-8F7C-6B9DABE76CC3}.Release|Mixed Platforms.ActiveCfg = Release|Any CPU
		{E39BBB16-89B4-4133-8F7C-6B9DABE76CC3}.Release|Mixed Platforms.Build.0 = Release|Any CPU
		{E39BBB16-89B4-4133-8F7C-6B9DABE76CC3}.Release|Mixed Platforms.Deploy.0 = Release|Any CPU
		{E39BBB16-89B4-4133-8F7C-6B9DABE76CC3}.Release|x86.ActiveCfg = Release|Any CPU
		{57539FCF-D090-4F94-B856-EB1ED902D7F5}.Ad-Hoc|Any CPU.ActiveCfg = Release|Any CPU
		{57539FCF-D090-4F94-B856-EB1ED902D7F5}.Ad-Hoc|Any CPU.Build.0 = Release|Any CPU
		{57539FCF-D090-4F94-B856-EB1ED902D7F5}.Ad-Hoc|Any CPU.Deploy.0 = Release|Any CPU
		{57539FCF-D090-4F94-B856-EB1ED902D7F5}.Ad-Hoc|ARM.ActiveCfg = Release|ARM
		{57539FCF-D090-4F94-B856-EB1ED902D7F5}.Ad-Hoc|ARM.Build.0 = Release|ARM
		{57539FCF-D090-4F94-B856-EB1ED902D7F5}.Ad-Hoc|ARM.Deploy.0 = Release|ARM
		{57539FCF-D090-4F94-B856-EB1ED902D7F5}.Ad-Hoc|iPhone.ActiveCfg = Release|Any CPU
		{57539FCF-D090-4F94-B856-EB1ED902D7F5}.Ad-Hoc|iPhoneSimulator.ActiveCfg = Release|Any CPU
		{57539FCF-D090-4F94-B856-EB1ED902D7F5}.Ad-Hoc|Mixed Platforms.ActiveCfg = Release|x86
		{57539FCF-D090-4F94-B856-EB1ED902D7F5}.Ad-Hoc|Mixed Platforms.Build.0 = Release|x86
		{57539FCF-D090-4F94-B856-EB1ED902D7F5}.Ad-Hoc|Mixed Platforms.Deploy.0 = Release|x86
		{57539FCF-D090-4F94-B856-EB1ED902D7F5}.Ad-Hoc|x86.ActiveCfg = Release|x86
		{57539FCF-D090-4F94-B856-EB1ED902D7F5}.Ad-Hoc|x86.Build.0 = Release|x86
		{57539FCF-D090-4F94-B856-EB1ED902D7F5}.Ad-Hoc|x86.Deploy.0 = Release|x86
		{57539FCF-D090-4F94-B856-EB1ED902D7F5}.AppStore|Any CPU.ActiveCfg = Release|Any CPU
		{57539FCF-D090-4F94-B856-EB1ED902D7F5}.AppStore|Any CPU.Build.0 = Release|Any CPU
		{57539FCF-D090-4F94-B856-EB1ED902D7F5}.AppStore|Any CPU.Deploy.0 = Release|Any CPU
		{57539FCF-D090-4F94-B856-EB1ED902D7F5}.AppStore|ARM.ActiveCfg = Release|ARM
		{57539FCF-D090-4F94-B856-EB1ED902D7F5}.AppStore|ARM.Build.0 = Release|ARM
		{57539FCF-D090-4F94-B856-EB1ED902D7F5}.AppStore|ARM.Deploy.0 = Release|ARM
		{57539FCF-D090-4F94-B856-EB1ED902D7F5}.AppStore|iPhone.ActiveCfg = Release|Any CPU
		{57539FCF-D090-4F94-B856-EB1ED902D7F5}.AppStore|iPhoneSimulator.ActiveCfg = Release|Any CPU
		{57539FCF-D090-4F94-B856-EB1ED902D7F5}.AppStore|Mixed Platforms.ActiveCfg = Release|x86
		{57539FCF-D090-4F94-B856-EB1ED902D7F5}.AppStore|Mixed Platforms.Build.0 = Release|x86
		{57539FCF-D090-4F94-B856-EB1ED902D7F5}.AppStore|Mixed Platforms.Deploy.0 = Release|x86
		{57539FCF-D090-4F94-B856-EB1ED902D7F5}.AppStore|x86.ActiveCfg = Release|x86
		{57539FCF-D090-4F94-B856-EB1ED902D7F5}.AppStore|x86.Build.0 = Release|x86
		{57539FCF-D090-4F94-B856-EB1ED902D7F5}.AppStore|x86.Deploy.0 = Release|x86
		{57539FCF-D090-4F94-B856-EB1ED902D7F5}.Debug|Any CPU.ActiveCfg = Debug|Any CPU
		{57539FCF-D090-4F94-B856-EB1ED902D7F5}.Debug|Any CPU.Build.0 = Debug|Any CPU
		{57539FCF-D090-4F94-B856-EB1ED902D7F5}.Debug|Any CPU.Deploy.0 = Debug|Any CPU
		{57539FCF-D090-4F94-B856-EB1ED902D7F5}.Debug|ARM.ActiveCfg = Debug|ARM
		{57539FCF-D090-4F94-B856-EB1ED902D7F5}.Debug|ARM.Build.0 = Debug|ARM
		{57539FCF-D090-4F94-B856-EB1ED902D7F5}.Debug|ARM.Deploy.0 = Debug|ARM
		{57539FCF-D090-4F94-B856-EB1ED902D7F5}.Debug|iPhone.ActiveCfg = Debug|Any CPU
		{57539FCF-D090-4F94-B856-EB1ED902D7F5}.Debug|iPhoneSimulator.ActiveCfg = Debug|Any CPU
		{57539FCF-D090-4F94-B856-EB1ED902D7F5}.Debug|Mixed Platforms.ActiveCfg = Debug|x86
		{57539FCF-D090-4F94-B856-EB1ED902D7F5}.Debug|Mixed Platforms.Build.0 = Debug|x86
		{57539FCF-D090-4F94-B856-EB1ED902D7F5}.Debug|Mixed Platforms.Deploy.0 = Debug|x86
		{57539FCF-D090-4F94-B856-EB1ED902D7F5}.Debug|x86.ActiveCfg = Debug|x86
		{57539FCF-D090-4F94-B856-EB1ED902D7F5}.Debug|x86.Build.0 = Debug|x86
		{57539FCF-D090-4F94-B856-EB1ED902D7F5}.Debug|x86.Deploy.0 = Debug|x86
		{57539FCF-D090-4F94-B856-EB1ED902D7F5}.Release|Any CPU.ActiveCfg = Release|Any CPU
		{57539FCF-D090-4F94-B856-EB1ED902D7F5}.Release|Any CPU.Build.0 = Release|Any CPU
		{57539FCF-D090-4F94-B856-EB1ED902D7F5}.Release|Any CPU.Deploy.0 = Release|Any CPU
		{57539FCF-D090-4F94-B856-EB1ED902D7F5}.Release|ARM.ActiveCfg = Release|ARM
		{57539FCF-D090-4F94-B856-EB1ED902D7F5}.Release|ARM.Build.0 = Release|ARM
		{57539FCF-D090-4F94-B856-EB1ED902D7F5}.Release|ARM.Deploy.0 = Release|ARM
		{57539FCF-D090-4F94-B856-EB1ED902D7F5}.Release|iPhone.ActiveCfg = Release|Any CPU
		{57539FCF-D090-4F94-B856-EB1ED902D7F5}.Release|iPhoneSimulator.ActiveCfg = Release|Any CPU
		{57539FCF-D090-4F94-B856-EB1ED902D7F5}.Release|Mixed Platforms.ActiveCfg = Release|x86
		{57539FCF-D090-4F94-B856-EB1ED902D7F5}.Release|Mixed Platforms.Build.0 = Release|x86
		{57539FCF-D090-4F94-B856-EB1ED902D7F5}.Release|Mixed Platforms.Deploy.0 = Release|x86
		{57539FCF-D090-4F94-B856-EB1ED902D7F5}.Release|x86.ActiveCfg = Release|x86
		{57539FCF-D090-4F94-B856-EB1ED902D7F5}.Release|x86.Build.0 = Release|x86
		{57539FCF-D090-4F94-B856-EB1ED902D7F5}.Release|x86.Deploy.0 = Release|x86
	EndGlobalSection
	GlobalSection(SolutionProperties) = preSolution
		HideSolutionNode = FALSE
	EndGlobalSection
EndGlobal
